
Microsoft Visual Studio Solution File, Format Version 12.00
# Visual Studio Version 16
VisualStudioVersion = 16.0.32929.386
MinimumVisualStudioVersion = 10.0.40219.1
Project("{FAE04EC0-301F-11D3-BF4B-00C04F79EFBC}") = "LoginFormASP", "LoginFormASP.csproj", "{0FD2651B-FF81-4259-994A-4FE3FD86B78A}"
EndProject
Global
	GlobalSection(SolutionConfigurationPlatforms) = preSolution
		Debug|Any CPU = Debug|Any CPU
		Release|Any CPU = Release|Any CPU
	EndGlobalSection
	GlobalSection(ProjectConfigurationPlatforms) = postSolution
		{0FD2651B-FF81-4259-994A-4FE3FD86B78A}.Debug|Any CPU.ActiveCfg = Debug|Any CPU
		{0FD2651B-FF81-4259-994A-4FE3FD86B78A}.Debug|Any CPU.Build.0 = Debug|Any CPU
		{0FD2651B-FF81-4259-994A-4FE3FD86B78A}.Release|Any CPU.ActiveCfg = Release|Any CPU
		{0FD2651B-FF81-4259-994A-4FE3FD86B78A}.Release|Any CPU.Build.0 = Release|Any CPU
	EndGlobalSection
	GlobalSection(SolutionProperties) = preSolution
		HideSolutionNode = FALSE
	EndGlobalSection
	GlobalSection(ExtensibilityGlobals) = postSolution
		SolutionGuid = {1A46AE28-FB44-4A2D-9D5B-12E99931F607}
	EndGlobalSection
EndGlobal
